<?xml version="1.0" encoding="UTF-8" standalone="yes" ?>
<CodeBlocks_project_file>
	<FileVersion major="1" minor="6" />
	<Project>
		<Option title="ls_demo2" />
		<Option makefile="Makefile_ls_demo2" />
		<Option pch_mode="0" />
		<Option compiler="gcc" />
		<Build>
			<Target title="default">
				<Option output="ls_demo2" prefix_auto="0" extension_auto="1" />
				<Option working_dir="../LS" />
				<Option type="1" />
				<Option compiler="gcc" />
				<Option parameters="mesh.m" />
				<Option projectResourceIncludeDirsRelation="1" />
			</Target>
		</Build>
		<VirtualTargets>
			<Add alias="All" targets="default;" />
		</VirtualTargets>
		<Compiler>
			<Add directory="../../../include" />
		</Compiler>
		<Linker>
			<Add library="libofeli.a" />
			<Add directory="../../../src" />
		</Linker>
		<Unit filename="ls_demo2.cpp" />
		<Extensions>
			<code_completion />
			<envvars />
			<debugger />
		</Extensions>
	</Project>
</CodeBlocks_project_file>
