<?xml version="1.0" encoding="UTF-8" standalone="yes" ?>
<CodeBlocks_project_file>
	<FileVersion major="1" minor="6" />
	<Project>
		<Option title="OFELI" />
		<Option pch_mode="0" />
		<Option compiler="gcc" />
		<Build>
			<Target title="default">
				<Option output="../../src/libofeli.a" prefix_auto="0" extension_auto="0" />
				<Option working_dir="" />
				<Option type="2" />
				<Option compiler="gcc" />
				<Option projectResourceIncludeDirsRelation="2" />
			</Target>
		</Build>
		<VirtualTargets>
			<Add alias="All" targets="default;" />
		</VirtualTargets>
		<Compiler>
			<Add option="-O3" />
			<Add option="-Wall" />
			<Add option="-ansi" />
			<Add directory="../../include" />
		</Compiler>
		<Unit filename="../../include/CL.h" />
		<Unit filename="../../include/Electromagnetics.h" />
		<Unit filename="../../include/Fluid.h" />
		<Unit filename="../../include/Laplace.h" />
		<Unit filename="../../include/OFELI.h" />
		<Unit filename="../../include/OFELI_Config.h" />
		<Unit filename="../../include/Solid.h" />
		<Unit filename="../../include/Therm.h" />
		<Unit filename="../../include/config.h" />
		<Unit filename="../../include/datadir.h" />
		<Unit filename="../../include/equations/AbsEqua.h" />
		<Unit filename="../../include/equations/EquaUtil.h" />
		<Unit filename="../../include/equations/Equation.h" />
		<Unit filename="../../include/equations/cl/ICPG1D.h" />
		<Unit filename="../../include/equations/cl/ICPG2DT.h" />
		<Unit filename="../../include/equations/cl/ICPG3DT.h" />
		<Unit filename="../../include/equations/cl/LCL1D.h" />
		<Unit filename="../../include/equations/cl/LCL2DT.h" />
		<Unit filename="../../include/equations/cl/LCL3DT.h" />
		<Unit filename="../../include/equations/cl/Muscl.h" />
		<Unit filename="../../include/equations/cl/Muscl1D.h" />
		<Unit filename="../../include/equations/cl/Muscl2DT.h" />
		<Unit filename="../../include/equations/cl/Muscl3DT.h" />
		<Unit filename="../../include/equations/electromagnetics/BiotSavart.h" />
		<Unit filename="../../include/equations/electromagnetics/EC2D1T3.h" />
		<Unit filename="../../include/equations/electromagnetics/EC2D2T3.h" />
		<Unit filename="../../include/equations/electromagnetics/EC2DB2T3.h" />
		<Unit filename="../../include/equations/electromagnetics/Equa_Electromagnetics.h" />
		<Unit filename="../../include/equations/electromagnetics/HelmholtzBT3.h" />
		<Unit filename="../../include/equations/fluid/Equa_Fluid.h" />
		<Unit filename="../../include/equations/fluid/NS2DT3BT3.h" />
		<Unit filename="../../include/equations/fluid/NSP2DQ41.h" />
		<Unit filename="../../include/equations/fluid/TINS2DT3B.h" />
		<Unit filename="../../include/equations/interface/FMM.h" />
		<Unit filename="../../include/equations/interface/FMM2D.h" />
		<Unit filename="../../include/equations/interface/FMM3D.h" />
		<Unit filename="../../include/equations/interface/FMMSolver.h" />
		<Unit filename="../../include/equations/interface/FastMarching2D.h" />
		<Unit filename="../../include/equations/interface/Heap.h" />
		<Unit filename="../../include/equations/interface/IPoint.h" />
		<Unit filename="../../include/equations/laplace/Equa_Laplace.h" />
		<Unit filename="../../include/equations/laplace/Laplace1DL2.h" />
		<Unit filename="../../include/equations/laplace/Laplace1DL3.h" />
		<Unit filename="../../include/equations/laplace/Laplace2DFVT.h" />
		<Unit filename="../../include/equations/laplace/Laplace2DMHRT0.h" />
		<Unit filename="../../include/equations/laplace/Laplace2DT3.h" />
		<Unit filename="../../include/equations/laplace/SteklovPoincare2DBE.h" />
		<Unit filename="../../include/equations/solid/Bar2DL2.h" />
		<Unit filename="../../include/equations/solid/Beam3DL2.h" />
		<Unit filename="../../include/equations/solid/Elas2DQ4.h" />
		<Unit filename="../../include/equations/solid/Elas2DT3.h" />
		<Unit filename="../../include/equations/solid/Elas3DH8.h" />
		<Unit filename="../../include/equations/solid/Elas3DT4.h" />
		<Unit filename="../../include/equations/solid/Equa_Solid.h" />
		<Unit filename="../../include/equations/therm/DC1DL2.h" />
		<Unit filename="../../include/equations/therm/DC2DT3.h" />
		<Unit filename="../../include/equations/therm/DC2DT6.h" />
		<Unit filename="../../include/equations/therm/DC3DAT3.h" />
		<Unit filename="../../include/equations/therm/DC3DT4.h" />
		<Unit filename="../../include/equations/therm/Equa_Therm.h" />
		<Unit filename="../../include/equations/therm/PhaseChange.h" />
		<Unit filename="../../include/io/FFI.h" />
		<Unit filename="../../include/io/Funct.h" />
		<Unit filename="../../include/io/IOField.h" />
		<Unit filename="../../include/io/IPF.h" />
		<Unit filename="../../include/io/Prescription.h" />
		<Unit filename="../../include/io/Tabulation.h" />
		<Unit filename="../../include/io/UserData.h" />
		<Unit filename="../../include/io/XMLParser.h" />
		<Unit filename="../../include/io/fparser/fparser.h" />
		<Unit filename="../../include/io/fparser/fpconfig.h" />
		<Unit filename="../../include/io/fparser/fptypes.h" />
		<Unit filename="../../include/io/output.h" />
		<Unit filename="../../include/io/saveField.h" />
		<Unit filename="../../include/io/tclap/Arg.h" />
		<Unit filename="../../include/io/tclap/ArgException.h" />
		<Unit filename="../../include/io/tclap/CmdLine.h" />
		<Unit filename="../../include/io/tclap/CmdLineInterface.h" />
		<Unit filename="../../include/io/tclap/CmdLineOutput.h" />
		<Unit filename="../../include/io/tclap/Constraint.h" />
		<Unit filename="../../include/io/tclap/DocBookOutput.h" />
		<Unit filename="../../include/io/tclap/HelpVisitor.h" />
		<Unit filename="../../include/io/tclap/IgnoreRestVisitor.h" />
		<Unit filename="../../include/io/tclap/MultiArg.h" />
		<Unit filename="../../include/io/tclap/MultiSwitchArg.h" />
		<Unit filename="../../include/io/tclap/OptionalUnlabeledTracker.h" />
		<Unit filename="../../include/io/tclap/StdOutput.h" />
		<Unit filename="../../include/io/tclap/SwitchArg.h" />
		<Unit filename="../../include/io/tclap/UnlabeledMultiArg.h" />
		<Unit filename="../../include/io/tclap/UnlabeledValueArg.h" />
		<Unit filename="../../include/io/tclap/ValueArg.h" />
		<Unit filename="../../include/io/tclap/ValuesConstraint.h" />
		<Unit filename="../../include/io/tclap/VersionVisitor.h" />
		<Unit filename="../../include/io/tclap/Visitor.h" />
		<Unit filename="../../include/io/tclap/XorHandler.h" />
		<Unit filename="../../include/io/xmlsp/xmlsp.h" />
		<Unit filename="../../include/linear_algebra/Assembly.h" />
		<Unit filename="../../include/linear_algebra/BMatrix.h" />
		<Unit filename="../../include/linear_algebra/DMatrix.h" />
		<Unit filename="../../include/linear_algebra/DSMatrix.h" />
		<Unit filename="../../include/linear_algebra/GraphOfMatrix.h" />
		<Unit filename="../../include/linear_algebra/LocalMatrix.h" />
		<Unit filename="../../include/linear_algebra/LocalVect.h" />
		<Unit filename="../../include/linear_algebra/Matrix.h" />
		<Unit filename="../../include/linear_algebra/Point.h" />
		<Unit filename="../../include/linear_algebra/Point2D.h" />
		<Unit filename="../../include/linear_algebra/SkMatrix.h" />
		<Unit filename="../../include/linear_algebra/SkSMatrix.h" />
		<Unit filename="../../include/linear_algebra/SpMatrix.h" />
		<Unit filename="../../include/linear_algebra/TrMatrix.h" />
		<Unit filename="../../include/linear_algebra/Vect.h" />
		<Unit filename="../../include/linear_algebra/petsc/PETScMatrix.h" />
		<Unit filename="../../include/linear_algebra/petsc/PETScVect.h" />
		<Unit filename="../../include/linear_algebra/petsc/PETScWrapper.h" />
		<Unit filename="../../include/mesh/Domain.h" />
		<Unit filename="../../include/mesh/Edge.h" />
		<Unit filename="../../include/mesh/Element.h" />
		<Unit filename="../../include/mesh/Figure.h" />
		<Unit filename="../../include/mesh/Grid.h" />
		<Unit filename="../../include/mesh/Material.h" />
		<Unit filename="../../include/mesh/Mesh.h" />
		<Unit filename="../../include/mesh/MeshAdapt.h" />
		<Unit filename="../../include/mesh/MeshExtract.h" />
		<Unit filename="../../include/mesh/MeshUtil.h" />
		<Unit filename="../../include/mesh/Node.h" />
		<Unit filename="../../include/mesh/Partition.h" />
		<Unit filename="../../include/mesh/Side.h" />
		<Unit filename="../../include/mesh/bamg/Mesh2.h" />
		<Unit filename="../../include/mesh/bamg/Meshio.h" />
		<Unit filename="../../include/mesh/bamg/Metric.h" />
		<Unit filename="../../include/mesh/bamg/QuadTree.h" />
		<Unit filename="../../include/mesh/bamg/R2.h" />
		<Unit filename="../../include/mesh/bamg/SetOfE4.h" />
		<Unit filename="../../include/mesh/bamg/meshtype.h" />
		<Unit filename="../../include/mesh/getMesh.h" />
		<Unit filename="../../include/mesh/metis/defs.h" />
		<Unit filename="../../include/mesh/metis/metis.h" />
		<Unit filename="../../include/mesh/metis/metis_macros.h" />
		<Unit filename="../../include/mesh/metis/proto.h" />
		<Unit filename="../../include/mesh/metis/rename.h" />
		<Unit filename="../../include/mesh/metis/struct.h" />
		<Unit filename="../../include/mesh/saveMesh.h" />
		<Unit filename="../../include/post/Estimator.h" />
		<Unit filename="../../include/post/Reconstruction.h" />
		<Unit filename="../../include/shape_functions/FEShape.h" />
		<Unit filename="../../include/shape_functions/Hexa8.h" />
		<Unit filename="../../include/shape_functions/Line2.h" />
		<Unit filename="../../include/shape_functions/Line2H.h" />
		<Unit filename="../../include/shape_functions/Line3.h" />
		<Unit filename="../../include/shape_functions/Penta6.h" />
		<Unit filename="../../include/shape_functions/Quad4.h" />
		<Unit filename="../../include/shape_functions/Tetra4.h" />
		<Unit filename="../../include/shape_functions/Triang3.h" />
		<Unit filename="../../include/shape_functions/Triang6S.h" />
		<Unit filename="../../include/solvers/BSpline.h" />
		<Unit filename="../../include/solvers/BiCG.h" />
		<Unit filename="../../include/solvers/BiCGStab.h" />
		<Unit filename="../../include/solvers/CG.h" />
		<Unit filename="../../include/solvers/CGS.h" />
		<Unit filename="../../include/solvers/EigenProblemSolver.h" />
		<Unit filename="../../include/solvers/EigenSolver.h" />
		<Unit filename="../../include/solvers/GMRes.h" />
		<Unit filename="../../include/solvers/GS.h" />
		<Unit filename="../../include/solvers/Iter.h" />
		<Unit filename="../../include/solvers/Jacobi.h" />
		<Unit filename="../../include/solvers/LinearSolver.h" />
		<Unit filename="../../include/solvers/MyOpt.h" />
		<Unit filename="../../include/solvers/ODESolver.h" />
		<Unit filename="../../include/solvers/OptSolver.h" />
		<Unit filename="../../include/solvers/Optim.h" />
		<Unit filename="../../include/solvers/OptimAux.h" />
		<Unit filename="../../include/solvers/OptimSA.h" />
		<Unit filename="../../include/solvers/OptimTN.h" />
		<Unit filename="../../include/solvers/Prec.h" />
		<Unit filename="../../include/solvers/QMR.h" />
		<Unit filename="../../include/solvers/Richardson.h" />
		<Unit filename="../../include/solvers/SSOR.h" />
		<Unit filename="../../include/solvers/Schur.h" />
		<Unit filename="../../include/solvers/TimeStepping.h" />
		<Unit filename="../../include/util/Gauss.h" />
		<Unit filename="../../include/util/Timer.h" />
		<Unit filename="../../include/util/banner.h" />
		<Unit filename="../../include/util/constants.h" />
		<Unit filename="../../include/util/macros.h" />
		<Unit filename="../../include/util/qksort.h" />
		<Unit filename="../../include/util/util.h" />
		<Unit filename="../../src/equations/cl/ICPG1D.cpp" />
		<Unit filename="../../src/equations/cl/ICPG2DT.cpp" />
		<Unit filename="../../src/equations/cl/ICPG3DT.cpp" />
		<Unit filename="../../src/equations/cl/LCL1D.cpp" />
		<Unit filename="../../src/equations/cl/LCL2DT.cpp" />
		<Unit filename="../../src/equations/cl/LCL3DT.cpp" />
		<Unit filename="../../src/equations/cl/Muscl.cpp" />
		<Unit filename="../../src/equations/cl/Muscl1D.cpp" />
		<Unit filename="../../src/equations/cl/Muscl2DT.cpp" />
		<Unit filename="../../src/equations/cl/Muscl3DT.cpp" />
		<Unit filename="../../src/equations/electromagnetics/BiotSavart.cpp" />
		<Unit filename="../../src/equations/electromagnetics/EC2D1T3.cpp" />
		<Unit filename="../../src/equations/electromagnetics/EC2D2T3.cpp" />
		<Unit filename="../../src/equations/electromagnetics/EC2DB2T3.cpp" />
		<Unit filename="../../src/equations/electromagnetics/HelmholtzBT3.cpp" />
		<Unit filename="../../src/equations/fluid/NS2DT3BT3.cpp" />
		<Unit filename="../../src/equations/fluid/NSP2DQ41.cpp" />
		<Unit filename="../../src/equations/fluid/TINS2DT3B.cpp" />
		<Unit filename="../../src/equations/interface/FMM.cpp" />
		<Unit filename="../../src/equations/interface/FMM2D.cpp" />
		<Unit filename="../../src/equations/interface/FMM3D.cpp" />
		<Unit filename="../../src/equations/interface/FMMSolver.cpp" />
		<Unit filename="../../src/equations/interface/FastMarching2D.cpp" />
		<Unit filename="../../src/equations/interface/Heap.cpp" />
		<Unit filename="../../src/equations/interface/IPoint.cpp" />
		<Unit filename="../../src/equations/laplace/Laplace1DL2.cpp" />
		<Unit filename="../../src/equations/laplace/Laplace1DL3.cpp" />
		<Unit filename="../../src/equations/laplace/Laplace2DFVT.cpp" />
		<Unit filename="../../src/equations/laplace/Laplace2DMHRT0.cpp" />
		<Unit filename="../../src/equations/laplace/Laplace2DT3.cpp" />
		<Unit filename="../../src/equations/laplace/SteklovPoincare2DBE.cpp" />
		<Unit filename="../../src/equations/solid/Bar2DL2.cpp" />
		<Unit filename="../../src/equations/solid/Beam3DL2.cpp" />
		<Unit filename="../../src/equations/solid/Elas2DQ4.cpp" />
		<Unit filename="../../src/equations/solid/Elas2DT3.cpp" />
		<Unit filename="../../src/equations/solid/Elas3DH8.cpp" />
		<Unit filename="../../src/equations/solid/Elas3DT4.cpp" />
		<Unit filename="../../src/equations/therm/DC1DL2.cpp" />
		<Unit filename="../../src/equations/therm/DC2DT3.cpp" />
		<Unit filename="../../src/equations/therm/DC2DT6.cpp" />
		<Unit filename="../../src/equations/therm/DC3DAT3.cpp" />
		<Unit filename="../../src/equations/therm/DC3DT4.cpp" />
		<Unit filename="../../src/equations/therm/PhaseChange.cpp" />
		<Unit filename="../../src/io/FFI.cpp" />
		<Unit filename="../../src/io/IOField.cpp" />
		<Unit filename="../../src/io/IPF.cpp" />
		<Unit filename="../../src/io/Prescription.cpp" />
		<Unit filename="../../src/io/Tabulation.cpp" />
		<Unit filename="../../src/io/XMLParser.cpp" />
		<Unit filename="../../src/io/fparser/fparser.cpp" />
		<Unit filename="../../src/io/fparser/fpoptimizer.cpp" />
		<Unit filename="../../src/io/saveField.cpp" />
		<Unit filename="../../src/io/xmlsp/xmlsp.cpp" />
		<Unit filename="../../src/linear_algebra/GraphOfMatrix.cpp" />
		<Unit filename="../../src/mesh/Domain.cpp" />
		<Unit filename="../../src/mesh/Edge.cpp" />
		<Unit filename="../../src/mesh/Element.cpp" />
		<Unit filename="../../src/mesh/Grid.cpp" />
		<Unit filename="../../src/mesh/Material.cpp" />
		<Unit filename="../../src/mesh/Mesh.cpp" />
		<Unit filename="../../src/mesh/MeshAdapt.cpp" />
		<Unit filename="../../src/mesh/MeshExtract.cpp" />
		<Unit filename="../../src/mesh/MeshUtil.cpp" />
		<Unit filename="../../src/mesh/Node.cpp" />
		<Unit filename="../../src/mesh/Partition.cpp" />
		<Unit filename="../../src/mesh/Side.cpp" />
		<Unit filename="../../src/mesh/bamg/Mesh2.cpp" />
		<Unit filename="../../src/mesh/bamg/MeshGeom.cpp" />
		<Unit filename="../../src/mesh/bamg/MeshQuad.cpp" />
		<Unit filename="../../src/mesh/bamg/MeshRead.cpp" />
		<Unit filename="../../src/mesh/bamg/MeshWrite.cpp" />
		<Unit filename="../../src/mesh/bamg/Meshio.cpp" />
		<Unit filename="../../src/mesh/bamg/Metric.cpp" />
		<Unit filename="../../src/mesh/bamg/QuadTree.cpp" />
		<Unit filename="../../src/mesh/bamg/SetOfE4.cpp" />
		<Unit filename="../../src/mesh/bamg/bamg.cpp" />
		<Unit filename="../../src/mesh/getMesh.cpp" />
		<Unit filename="../../src/mesh/metis/balance.c">
			<Option compilerVar="CC" />
		</Unit>
		<Unit filename="../../src/mesh/metis/bucketsort.c">
			<Option compilerVar="CC" />
		</Unit>
		<Unit filename="../../src/mesh/metis/ccgraph.c">
			<Option compilerVar="CC" />
		</Unit>
		<Unit filename="../../src/mesh/metis/coarsen.c">
			<Option compilerVar="CC" />
		</Unit>
		<Unit filename="../../src/mesh/metis/compress.c">
			<Option compilerVar="CC" />
		</Unit>
		<Unit filename="../../src/mesh/metis/debug.c">
			<Option compilerVar="CC" />
		</Unit>
		<Unit filename="../../src/mesh/metis/estmem.c">
			<Option compilerVar="CC" />
		</Unit>
		<Unit filename="../../src/mesh/metis/fm.c">
			<Option compilerVar="CC" />
		</Unit>
		<Unit filename="../../src/mesh/metis/fortran.c">
			<Option compilerVar="CC" />
		</Unit>
		<Unit filename="../../src/mesh/metis/frename.c">
			<Option compilerVar="CC" />
		</Unit>
		<Unit filename="../../src/mesh/metis/graph.c">
			<Option compilerVar="CC" />
		</Unit>
		<Unit filename="../../src/mesh/metis/initpart.c">
			<Option compilerVar="CC" />
		</Unit>
		<Unit filename="../../src/mesh/metis/kmetis.c">
			<Option compilerVar="CC" />
		</Unit>
		<Unit filename="../../src/mesh/metis/kvmetis.c">
			<Option compilerVar="CC" />
		</Unit>
		<Unit filename="../../src/mesh/metis/kwayfm.c">
			<Option compilerVar="CC" />
		</Unit>
		<Unit filename="../../src/mesh/metis/kwayrefine.c">
			<Option compilerVar="CC" />
		</Unit>
		<Unit filename="../../src/mesh/metis/kwayvolfm.c">
			<Option compilerVar="CC" />
		</Unit>
		<Unit filename="../../src/mesh/metis/kwayvolrefine.c">
			<Option compilerVar="CC" />
		</Unit>
		<Unit filename="../../src/mesh/metis/match.c">
			<Option compilerVar="CC" />
		</Unit>
		<Unit filename="../../src/mesh/metis/mbalance.c">
			<Option compilerVar="CC" />
		</Unit>
		<Unit filename="../../src/mesh/metis/mbalance2.c">
			<Option compilerVar="CC" />
		</Unit>
		<Unit filename="../../src/mesh/metis/mcoarsen.c">
			<Option compilerVar="CC" />
		</Unit>
		<Unit filename="../../src/mesh/metis/memory.c">
			<Option compilerVar="CC" />
		</Unit>
		<Unit filename="../../src/mesh/metis/mesh_metis.c">
			<Option compilerVar="CC" />
		</Unit>
		<Unit filename="../../src/mesh/metis/meshpart.c">
			<Option compilerVar="CC" />
		</Unit>
		<Unit filename="../../src/mesh/metis/mfm.c">
			<Option compilerVar="CC" />
		</Unit>
		<Unit filename="../../src/mesh/metis/mfm2.c">
			<Option compilerVar="CC" />
		</Unit>
		<Unit filename="../../src/mesh/metis/mincover.c">
			<Option compilerVar="CC" />
		</Unit>
		<Unit filename="../../src/mesh/metis/minitpart.c">
			<Option compilerVar="CC" />
		</Unit>
		<Unit filename="../../src/mesh/metis/minitpart2.c">
			<Option compilerVar="CC" />
		</Unit>
		<Unit filename="../../src/mesh/metis/mkmetis.c">
			<Option compilerVar="CC" />
		</Unit>
		<Unit filename="../../src/mesh/metis/mkwayfmh.c">
			<Option compilerVar="CC" />
		</Unit>
		<Unit filename="../../src/mesh/metis/mkwayrefine.c">
			<Option compilerVar="CC" />
		</Unit>
		<Unit filename="../../src/mesh/metis/mmatch.c">
			<Option compilerVar="CC" />
		</Unit>
		<Unit filename="../../src/mesh/metis/mmd.c">
			<Option compilerVar="CC" />
		</Unit>
		<Unit filename="../../src/mesh/metis/mpmetis.c">
			<Option compilerVar="CC" />
		</Unit>
		<Unit filename="../../src/mesh/metis/mrefine.c">
			<Option compilerVar="CC" />
		</Unit>
		<Unit filename="../../src/mesh/metis/mrefine2.c">
			<Option compilerVar="CC" />
		</Unit>
		<Unit filename="../../src/mesh/metis/mutil.c">
			<Option compilerVar="CC" />
		</Unit>
		<Unit filename="../../src/mesh/metis/myqsort.c">
			<Option compilerVar="CC" />
		</Unit>
		<Unit filename="../../src/mesh/metis/ometis.c">
			<Option compilerVar="CC" />
		</Unit>
		<Unit filename="../../src/mesh/metis/parmetis.c">
			<Option compilerVar="CC" />
		</Unit>
		<Unit filename="../../src/mesh/metis/pmetis.c">
			<Option compilerVar="CC" />
		</Unit>
		<Unit filename="../../src/mesh/metis/pqueue.c">
			<Option compilerVar="CC" />
		</Unit>
		<Unit filename="../../src/mesh/metis/refine.c">
			<Option compilerVar="CC" />
		</Unit>
		<Unit filename="../../src/mesh/metis/separator.c">
			<Option compilerVar="CC" />
		</Unit>
		<Unit filename="../../src/mesh/metis/sfm.c">
			<Option compilerVar="CC" />
		</Unit>
		<Unit filename="../../src/mesh/metis/srefine.c">
			<Option compilerVar="CC" />
		</Unit>
		<Unit filename="../../src/mesh/metis/stat.c">
			<Option compilerVar="CC" />
		</Unit>
		<Unit filename="../../src/mesh/metis/subdomains.c">
			<Option compilerVar="CC" />
		</Unit>
		<Unit filename="../../src/mesh/metis/timing.c">
			<Option compilerVar="CC" />
		</Unit>
		<Unit filename="../../src/mesh/metis/util.c">
			<Option compilerVar="CC" />
		</Unit>
		<Unit filename="../../src/mesh/saveMesh.cpp" />
		<Unit filename="../../src/post/Estimator.cpp" />
		<Unit filename="../../src/post/Reconstruction.cpp" />
		<Unit filename="../../src/shape_functions/Hexa8.cpp" />
		<Unit filename="../../src/shape_functions/Line2.cpp" />
		<Unit filename="../../src/shape_functions/Line2H.cpp" />
		<Unit filename="../../src/shape_functions/Line3.cpp" />
		<Unit filename="../../src/shape_functions/Penta6.cpp" />
		<Unit filename="../../src/shape_functions/Quad4.cpp" />
		<Unit filename="../../src/shape_functions/Tetra4.cpp" />
		<Unit filename="../../src/shape_functions/Triang3.cpp" />
		<Unit filename="../../src/shape_functions/Triang6S.cpp" />
		<Unit filename="../../src/solvers/BSpline.cpp" />
		<Unit filename="../../src/solvers/EigenProblemSolver.cpp" />
		<Unit filename="../../src/solvers/ODESolver.cpp" />
		<Unit filename="../../src/solvers/OptSolver.cpp" />
		<Unit filename="../../src/solvers/OptimNM.cpp" />
		<Unit filename="../../src/solvers/OptimPG.cpp" />
		<Unit filename="../../src/solvers/OptimSA.cpp" />
		<Unit filename="../../src/solvers/OptimTN.cpp" />
		<Unit filename="../../src/solvers/Solver.cpp" />
		<Unit filename="../../src/solvers/TimeStepping.cpp" />
		<Unit filename="../../src/util/Gauss.cpp" />
		<Extensions>
			<code_completion />
			<debugger />
			<envvars />
		</Extensions>
	</Project>
</CodeBlocks_project_file>
