<?xml version="1.0" encoding="UTF-8" standalone="yes" ?>
<CodeBlocks_project_file>
	<FileVersion major="1" minor="6" />
	<Project>
		<Option title="lesson5" />
		<Option makefile="Makefile_lesson5" />
		<Option pch_mode="0" />
		<Option compiler="gcc" />
		<Build>
			<Target title="default">
				<Option output="lesson5" prefix_auto="0" extension_auto="1" />
				<Option working_dir="../lesson5" />
				<Option type="1" />
				<Option compiler="gcc" />
				<Option parameters="test.dat" />
				<Option projectResourceIncludeDirsRelation="1" />
			</Target>
		</Build>
		<VirtualTargets>
			<Add alias="All" targets="default;" />
		</VirtualTargets>
		<Compiler>
			<Add directory="../../include" />
		</Compiler>
		<Linker>
			<Add library="libofeli.a" />
			<Add directory="../../src" />
		</Linker>
		<Unit filename="Opt.h" />
		<Unit filename="main.cpp" />
		<Extensions>
			<code_completion />
			<debugger />
		</Extensions>
	</Project>
</CodeBlocks_project_file>
