Microsoft Visual Studio Solution File, Format Version 12.00
# Visual Studio 14
VisualStudioVersion = 14.0.25420.1
MinimumVisualStudioVersion = 10.0.40219.1
Project("{8BC9CEB8-8B4A-11D0-8D11-00A0C91BC942}") = "ofeli", "ofeli\ofeli.vcxproj", "{9D1F0C79-9B79-4693-B4B3-73143125D395}"
EndProject
Project("{8BC9CEB8-8B4A-11D0-8D11-00A0C91BC942}") = "ode_demo1", "ode_demo1\ode_demo1.vcxproj", "{D7F103C1-C984-4655-ABE7-692208017D41}"
	ProjectSection(ProjectDependencies) = postProject
		{9D1F0C79-9B79-4693-B4B3-73143125D395} = {9D1F0C79-9B79-4693-B4B3-73143125D395}
	EndProjectSection
EndProject
Project("{8BC9CEB8-8B4A-11D0-8D11-00A0C91BC942}") = "ls_demo1", "ls_demo1\ls_demo1.vcxproj", "{D7FB2901-E16D-4467-BA5D-A3F22A7BF2B3}"
	ProjectSection(ProjectDependencies) = postProject
		{9D1F0C79-9B79-4693-B4B3-73143125D395} = {9D1F0C79-9B79-4693-B4B3-73143125D395}
	EndProjectSection
EndProject
Project("{8BC9CEB8-8B4A-11D0-8D11-00A0C91BC942}") = "ls_demo2", "ls_demo2\ls_demo2.vcxproj", "{3C5348EC-3559-446E-9098-45B7025C36C1}"
	ProjectSection(ProjectDependencies) = postProject
		{9D1F0C79-9B79-4693-B4B3-73143125D395} = {9D1F0C79-9B79-4693-B4B3-73143125D395}
	EndProjectSection
EndProject
Project("{8BC9CEB8-8B4A-11D0-8D11-00A0C91BC942}") = "ode_demo2", "ode_demo2\ode_demo2.vcxproj", "{7282BE1F-3F93-4799-B7FC-1F103EA329ED}"
	ProjectSection(ProjectDependencies) = postProject
		{9D1F0C79-9B79-4693-B4B3-73143125D395} = {9D1F0C79-9B79-4693-B4B3-73143125D395}
	EndProjectSection
EndProject
Project("{8BC9CEB8-8B4A-11D0-8D11-00A0C91BC942}") = "ode_demo3", "ode_demo3\ode_demo3.vcxproj", "{E240719C-91ED-46E3-A16E-CE9566E610AD}"
	ProjectSection(ProjectDependencies) = postProject
		{9D1F0C79-9B79-4693-B4B3-73143125D395} = {9D1F0C79-9B79-4693-B4B3-73143125D395}
	EndProjectSection
EndProject
Project("{8BC9CEB8-8B4A-11D0-8D11-00A0C91BC942}") = "ode_demo4", "ode_demo4\ode_demo4.vcxproj", "{D010D20B-C09E-462C-906C-56966D507460}"
	ProjectSection(ProjectDependencies) = postProject
		{9D1F0C79-9B79-4693-B4B3-73143125D395} = {9D1F0C79-9B79-4693-B4B3-73143125D395}
	EndProjectSection
EndProject
Project("{8BC9CEB8-8B4A-11D0-8D11-00A0C91BC942}") = "ts_demo1", "ts_demo1\ts_demo1.vcxproj", "{7588031C-0163-4D4A-9C5A-2569C4C46958}"
EndProject
Project("{8BC9CEB8-8B4A-11D0-8D11-00A0C91BC942}") = "ts_demo2", "ts_demo2\ts_demo2.vcxproj", "{7E131A0E-1927-4129-B87D-69286A535DE3}"
EndProject
Project("{8BC9CEB8-8B4A-11D0-8D11-00A0C91BC942}") = "lesson1", "lesson1\lesson1.vcxproj", "{BDC86090-77FB-48E4-888F-D5BCB6FB3DE2}"
	ProjectSection(ProjectDependencies) = postProject
		{9D1F0C79-9B79-4693-B4B3-73143125D395} = {9D1F0C79-9B79-4693-B4B3-73143125D395}
	EndProjectSection
EndProject
Project("{8BC9CEB8-8B4A-11D0-8D11-00A0C91BC942}") = "lesson2", "lesson2\lesson2.vcxproj", "{6352CF6F-8232-48EA-A235-D556206C95BE}"
	ProjectSection(ProjectDependencies) = postProject
		{9D1F0C79-9B79-4693-B4B3-73143125D395} = {9D1F0C79-9B79-4693-B4B3-73143125D395}
	EndProjectSection
EndProject
Project("{8BC9CEB8-8B4A-11D0-8D11-00A0C91BC942}") = "lesson3", "lesson3\lesson3.vcxproj", "{E2925B56-A70A-48A4-807D-E73850C858E5}"
	ProjectSection(ProjectDependencies) = postProject
		{9D1F0C79-9B79-4693-B4B3-73143125D395} = {9D1F0C79-9B79-4693-B4B3-73143125D395}
	EndProjectSection
EndProject
Project("{8BC9CEB8-8B4A-11D0-8D11-00A0C91BC942}") = "lesson4", "lesson4\lesson4.vcxproj", "{52AC5B63-0EEA-4B56-8778-0FFA36E8B718}"
	ProjectSection(ProjectDependencies) = postProject
		{9D1F0C79-9B79-4693-B4B3-73143125D395} = {9D1F0C79-9B79-4693-B4B3-73143125D395}
	EndProjectSection
EndProject
Project("{8BC9CEB8-8B4A-11D0-8D11-00A0C91BC942}") = "stdc2", "stdc2\stdc2.vcxproj", "{75C85290-2FB3-49CF-BBFC-6AF31EAB678D}"
	ProjectSection(ProjectDependencies) = postProject
		{9D1F0C79-9B79-4693-B4B3-73143125D395} = {9D1F0C79-9B79-4693-B4B3-73143125D395}
	EndProjectSection
EndProject
Project("{8BC9CEB8-8B4A-11D0-8D11-00A0C91BC942}") = "ttd2", "ttd2\ttd2.vcxproj", "{9B27C735-09D5-4656-9E2F-F140D4F1C1D8}"
	ProjectSection(ProjectDependencies) = postProject
		{9D1F0C79-9B79-4693-B4B3-73143125D395} = {9D1F0C79-9B79-4693-B4B3-73143125D395}
	EndProjectSection
EndProject
Project("{8BC9CEB8-8B4A-11D0-8D11-00A0C91BC942}") = "std3", "std3\std3.vcxproj", "{1E8EC38D-5F8C-41D4-9599-90E99F3971F2}"
	ProjectSection(ProjectDependencies) = postProject
		{9D1F0C79-9B79-4693-B4B3-73143125D395} = {9D1F0C79-9B79-4693-B4B3-73143125D395}
	EndProjectSection
EndProject
Project("{8BC9CEB8-8B4A-11D0-8D11-00A0C91BC942}") = "beam", "beam\beam.vcxproj", "{77E9D7DB-7FB5-4D7E-8C24-AAF9EED3DC6D}"
	ProjectSection(ProjectDependencies) = postProject
		{9D1F0C79-9B79-4693-B4B3-73143125D395} = {9D1F0C79-9B79-4693-B4B3-73143125D395}
	EndProjectSection
EndProject
Project("{8BC9CEB8-8B4A-11D0-8D11-00A0C91BC942}") = "contact", "contact\contact.vcxproj", "{056BBE59-E49B-4056-9F3D-15EF1704981A}"
	ProjectSection(ProjectDependencies) = postProject
		{9D1F0C79-9B79-4693-B4B3-73143125D395} = {9D1F0C79-9B79-4693-B4B3-73143125D395}
	EndProjectSection
EndProject
Project("{8BC9CEB8-8B4A-11D0-8D11-00A0C91BC942}") = "lelas2d", "lelas2d\lelas2d.vcxproj", "{34BC3C9A-A89D-4A24-91AB-38E9BAF2CF44}"
	ProjectSection(ProjectDependencies) = postProject
		{9D1F0C79-9B79-4693-B4B3-73143125D395} = {9D1F0C79-9B79-4693-B4B3-73143125D395}
	EndProjectSection
EndProject
Project("{8BC9CEB8-8B4A-11D0-8D11-00A0C91BC942}") = "lelas3d", "lelas3d\lelas3d.vcxproj", "{980E4655-474B-495C-8C96-16E78D316F75}"
	ProjectSection(ProjectDependencies) = postProject
		{9D1F0C79-9B79-4693-B4B3-73143125D395} = {9D1F0C79-9B79-4693-B4B3-73143125D395}
	EndProjectSection
EndProject
Project("{8BC9CEB8-8B4A-11D0-8D11-00A0C91BC942}") = "truss", "truss\truss.vcxproj", "{6E97EF31-BD12-4290-ABE6-EAE1CE42A4E2}"
	ProjectSection(ProjectDependencies) = postProject
		{9D1F0C79-9B79-4693-B4B3-73143125D395} = {9D1F0C79-9B79-4693-B4B3-73143125D395}
	EndProjectSection
EndProject
Project("{8BC9CEB8-8B4A-11D0-8D11-00A0C91BC942}") = "euler_2d", "euler_2d\euler_2d.vcxproj", "{CC57EE69-BD7E-4CBF-8D3C-806E5325584B}"
	ProjectSection(ProjectDependencies) = postProject
		{9D1F0C79-9B79-4693-B4B3-73143125D395} = {9D1F0C79-9B79-4693-B4B3-73143125D395}
	EndProjectSection
EndProject
Project("{8BC9CEB8-8B4A-11D0-8D11-00A0C91BC942}") = "lh2d", "lh2d\lh2d.vcxproj", "{20FB9AE4-B041-421C-875B-FD9A4357926D}"
	ProjectSection(ProjectDependencies) = postProject
		{9D1F0C79-9B79-4693-B4B3-73143125D395} = {9D1F0C79-9B79-4693-B4B3-73143125D395}
	EndProjectSection
EndProject
Project("{8BC9CEB8-8B4A-11D0-8D11-00A0C91BC942}") = "tiff2", "tiff2\tiff2.vcxproj", "{B0E5ACFA-33D7-46AF-BB8F-978196FCED72}"
	ProjectSection(ProjectDependencies) = postProject
		{9D1F0C79-9B79-4693-B4B3-73143125D395} = {9D1F0C79-9B79-4693-B4B3-73143125D395}
	EndProjectSection
EndProject
Project("{8BC9CEB8-8B4A-11D0-8D11-00A0C91BC942}") = "tins2", "tins2\tins2.vcxproj", "{FF8A1430-E5B9-4B67-8C68-1347F3EA21AA}"
	ProjectSection(ProjectDependencies) = postProject
		{9D1F0C79-9B79-4693-B4B3-73143125D395} = {9D1F0C79-9B79-4693-B4B3-73143125D395}
	EndProjectSection
EndProject
Project("{8BC9CEB8-8B4A-11D0-8D11-00A0C91BC942}") = "ec2d1", "ec2d1\ec2d1.vcxproj", "{2F328A3A-6DDF-4AB8-942F-97C9617C29E1}"
	ProjectSection(ProjectDependencies) = postProject
		{9D1F0C79-9B79-4693-B4B3-73143125D395} = {9D1F0C79-9B79-4693-B4B3-73143125D395}
	EndProjectSection
EndProject
Project("{8BC9CEB8-8B4A-11D0-8D11-00A0C91BC942}") = "helmholtz", "helmholtz\helmholtz.vcxproj", "{637FCD06-F8EB-40B2-813B-3EDF1DA65CC8}"
	ProjectSection(ProjectDependencies) = postProject
		{9D1F0C79-9B79-4693-B4B3-73143125D395} = {9D1F0C79-9B79-4693-B4B3-73143125D395}
	EndProjectSection
EndProject
Project("{8BC9CEB8-8B4A-11D0-8D11-00A0C91BC942}") = "g2m", "g2m\g2m.vcxproj", "{92ABA0AC-EA3D-414F-8AD1-E556F6A0E792}"
	ProjectSection(ProjectDependencies) = postProject
		{9D1F0C79-9B79-4693-B4B3-73143125D395} = {9D1F0C79-9B79-4693-B4B3-73143125D395}
	EndProjectSection
EndProject
Project("{8BC9CEB8-8B4A-11D0-8D11-00A0C91BC942}") = "cfield", "cfield\cfield.vcxproj", "{84C797C5-D3EC-476F-920A-CE3685E7381A}"
	ProjectSection(ProjectDependencies) = postProject
		{9D1F0C79-9B79-4693-B4B3-73143125D395} = {9D1F0C79-9B79-4693-B4B3-73143125D395}
	EndProjectSection
EndProject
Project("{8BC9CEB8-8B4A-11D0-8D11-00A0C91BC942}") = "eigen_demo1", "eigen_demo1\eigen_demo1.vcxproj", "{69750302-9C61-4FDA-AB35-F209AAA4AC5F}"
	ProjectSection(ProjectDependencies) = postProject
		{9D1F0C79-9B79-4693-B4B3-73143125D395} = {9D1F0C79-9B79-4693-B4B3-73143125D395}
	EndProjectSection
EndProject
Project("{8BC9CEB8-8B4A-11D0-8D11-00A0C91BC942}") = "eigen_demo2", "eigen_demo2\eigen_demo2.vcxproj", "{4E7DC7F5-E58E-46D1-AAA6-99A72B29C3C0}"
	ProjectSection(ProjectDependencies) = postProject
		{9D1F0C79-9B79-4693-B4B3-73143125D395} = {9D1F0C79-9B79-4693-B4B3-73143125D395}
	EndProjectSection
EndProject
Global
	GlobalSection(SolutionConfigurationPlatforms) = preSolution
		Debug|x64 = Debug|x64
		Debug|x86 = Debug|x86
		Release|x64 = Release|x64
		Release|x86 = Release|x86
	EndGlobalSection
	GlobalSection(ProjectConfigurationPlatforms) = postSolution
		{9D1F0C79-9B79-4693-B4B3-73143125D395}.Debug|x64.ActiveCfg = Debug|x64
		{9D1F0C79-9B79-4693-B4B3-73143125D395}.Debug|x64.Build.0 = Debug|x64
		{9D1F0C79-9B79-4693-B4B3-73143125D395}.Debug|x86.ActiveCfg = Debug|Win32
		{9D1F0C79-9B79-4693-B4B3-73143125D395}.Debug|x86.Build.0 = Debug|Win32
		{9D1F0C79-9B79-4693-B4B3-73143125D395}.Release|x64.ActiveCfg = Release|x64
		{9D1F0C79-9B79-4693-B4B3-73143125D395}.Release|x64.Build.0 = Release|x64
		{9D1F0C79-9B79-4693-B4B3-73143125D395}.Release|x86.ActiveCfg = Release|Win32
		{9D1F0C79-9B79-4693-B4B3-73143125D395}.Release|x86.Build.0 = Release|Win32
		{D7F103C1-C984-4655-ABE7-692208017D41}.Debug|x64.ActiveCfg = Debug|x64
		{D7F103C1-C984-4655-ABE7-692208017D41}.Debug|x64.Build.0 = Debug|x64
		{D7F103C1-C984-4655-ABE7-692208017D41}.Debug|x86.ActiveCfg = Debug|Win32
		{D7F103C1-C984-4655-ABE7-692208017D41}.Debug|x86.Build.0 = Debug|Win32
		{D7F103C1-C984-4655-ABE7-692208017D41}.Release|x64.ActiveCfg = Release|x64
		{D7F103C1-C984-4655-ABE7-692208017D41}.Release|x64.Build.0 = Release|x64
		{D7F103C1-C984-4655-ABE7-692208017D41}.Release|x86.ActiveCfg = Release|Win32
		{D7F103C1-C984-4655-ABE7-692208017D41}.Release|x86.Build.0 = Release|Win32
		{D7FB2901-E16D-4467-BA5D-A3F22A7BF2B3}.Debug|x64.ActiveCfg = Debug|x64
		{D7FB2901-E16D-4467-BA5D-A3F22A7BF2B3}.Debug|x64.Build.0 = Debug|x64
		{D7FB2901-E16D-4467-BA5D-A3F22A7BF2B3}.Debug|x86.ActiveCfg = Debug|Win32
		{D7FB2901-E16D-4467-BA5D-A3F22A7BF2B3}.Debug|x86.Build.0 = Debug|Win32
		{D7FB2901-E16D-4467-BA5D-A3F22A7BF2B3}.Release|x64.ActiveCfg = Release|x64
		{D7FB2901-E16D-4467-BA5D-A3F22A7BF2B3}.Release|x64.Build.0 = Release|x64
		{D7FB2901-E16D-4467-BA5D-A3F22A7BF2B3}.Release|x86.ActiveCfg = Release|Win32
		{D7FB2901-E16D-4467-BA5D-A3F22A7BF2B3}.Release|x86.Build.0 = Release|Win32
		{3C5348EC-3559-446E-9098-45B7025C36C1}.Debug|x64.ActiveCfg = Debug|x64
		{3C5348EC-3559-446E-9098-45B7025C36C1}.Debug|x64.Build.0 = Debug|x64
		{3C5348EC-3559-446E-9098-45B7025C36C1}.Debug|x86.ActiveCfg = Debug|Win32
		{3C5348EC-3559-446E-9098-45B7025C36C1}.Debug|x86.Build.0 = Debug|Win32
		{3C5348EC-3559-446E-9098-45B7025C36C1}.Release|x64.ActiveCfg = Release|x64
		{3C5348EC-3559-446E-9098-45B7025C36C1}.Release|x64.Build.0 = Release|x64
		{3C5348EC-3559-446E-9098-45B7025C36C1}.Release|x86.ActiveCfg = Release|Win32
		{3C5348EC-3559-446E-9098-45B7025C36C1}.Release|x86.Build.0 = Release|Win32
		{7282BE1F-3F93-4799-B7FC-1F103EA329ED}.Debug|x64.ActiveCfg = Debug|x64
		{7282BE1F-3F93-4799-B7FC-1F103EA329ED}.Debug|x64.Build.0 = Debug|x64
		{7282BE1F-3F93-4799-B7FC-1F103EA329ED}.Debug|x86.ActiveCfg = Debug|Win32
		{7282BE1F-3F93-4799-B7FC-1F103EA329ED}.Debug|x86.Build.0 = Debug|Win32
		{7282BE1F-3F93-4799-B7FC-1F103EA329ED}.Release|x64.ActiveCfg = Release|x64
		{7282BE1F-3F93-4799-B7FC-1F103EA329ED}.Release|x64.Build.0 = Release|x64
		{7282BE1F-3F93-4799-B7FC-1F103EA329ED}.Release|x86.ActiveCfg = Release|Win32
		{7282BE1F-3F93-4799-B7FC-1F103EA329ED}.Release|x86.Build.0 = Release|Win32
		{E240719C-91ED-46E3-A16E-CE9566E610AD}.Debug|x64.ActiveCfg = Debug|x64
		{E240719C-91ED-46E3-A16E-CE9566E610AD}.Debug|x64.Build.0 = Debug|x64
		{E240719C-91ED-46E3-A16E-CE9566E610AD}.Debug|x86.ActiveCfg = Debug|Win32
		{E240719C-91ED-46E3-A16E-CE9566E610AD}.Debug|x86.Build.0 = Debug|Win32
		{E240719C-91ED-46E3-A16E-CE9566E610AD}.Release|x64.ActiveCfg = Release|x64
		{E240719C-91ED-46E3-A16E-CE9566E610AD}.Release|x64.Build.0 = Release|x64
		{E240719C-91ED-46E3-A16E-CE9566E610AD}.Release|x86.ActiveCfg = Release|Win32
		{E240719C-91ED-46E3-A16E-CE9566E610AD}.Release|x86.Build.0 = Release|Win32
		{D010D20B-C09E-462C-906C-56966D507460}.Debug|x64.ActiveCfg = Debug|x64
		{D010D20B-C09E-462C-906C-56966D507460}.Debug|x64.Build.0 = Debug|x64
		{D010D20B-C09E-462C-906C-56966D507460}.Debug|x86.ActiveCfg = Debug|Win32
		{D010D20B-C09E-462C-906C-56966D507460}.Debug|x86.Build.0 = Debug|Win32
		{D010D20B-C09E-462C-906C-56966D507460}.Release|x64.ActiveCfg = Release|x64
		{D010D20B-C09E-462C-906C-56966D507460}.Release|x64.Build.0 = Release|x64
		{D010D20B-C09E-462C-906C-56966D507460}.Release|x86.ActiveCfg = Release|Win32
		{D010D20B-C09E-462C-906C-56966D507460}.Release|x86.Build.0 = Release|Win32
		{7588031C-0163-4D4A-9C5A-2569C4C46958}.Debug|x64.ActiveCfg = Debug|x64
		{7588031C-0163-4D4A-9C5A-2569C4C46958}.Debug|x64.Build.0 = Debug|x64
		{7588031C-0163-4D4A-9C5A-2569C4C46958}.Debug|x86.ActiveCfg = Debug|Win32
		{7588031C-0163-4D4A-9C5A-2569C4C46958}.Debug|x86.Build.0 = Debug|Win32
		{7588031C-0163-4D4A-9C5A-2569C4C46958}.Release|x64.ActiveCfg = Release|x64
		{7588031C-0163-4D4A-9C5A-2569C4C46958}.Release|x64.Build.0 = Release|x64
		{7588031C-0163-4D4A-9C5A-2569C4C46958}.Release|x86.ActiveCfg = Release|Win32
		{7588031C-0163-4D4A-9C5A-2569C4C46958}.Release|x86.Build.0 = Release|Win32
		{7E131A0E-1927-4129-B87D-69286A535DE3}.Debug|x64.ActiveCfg = Debug|x64
		{7E131A0E-1927-4129-B87D-69286A535DE3}.Debug|x64.Build.0 = Debug|x64
		{7E131A0E-1927-4129-B87D-69286A535DE3}.Debug|x86.ActiveCfg = Debug|Win32
		{7E131A0E-1927-4129-B87D-69286A535DE3}.Debug|x86.Build.0 = Debug|Win32
		{7E131A0E-1927-4129-B87D-69286A535DE3}.Release|x64.ActiveCfg = Release|x64
		{7E131A0E-1927-4129-B87D-69286A535DE3}.Release|x64.Build.0 = Release|x64
		{7E131A0E-1927-4129-B87D-69286A535DE3}.Release|x86.ActiveCfg = Release|Win32
		{7E131A0E-1927-4129-B87D-69286A535DE3}.Release|x86.Build.0 = Release|Win32
		{BDC86090-77FB-48E4-888F-D5BCB6FB3DE2}.Debug|x64.ActiveCfg = Debug|x64
		{BDC86090-77FB-48E4-888F-D5BCB6FB3DE2}.Debug|x64.Build.0 = Debug|x64
		{BDC86090-77FB-48E4-888F-D5BCB6FB3DE2}.Debug|x86.ActiveCfg = Debug|Win32
		{BDC86090-77FB-48E4-888F-D5BCB6FB3DE2}.Debug|x86.Build.0 = Debug|Win32
		{BDC86090-77FB-48E4-888F-D5BCB6FB3DE2}.Release|x64.ActiveCfg = Release|x64
		{BDC86090-77FB-48E4-888F-D5BCB6FB3DE2}.Release|x64.Build.0 = Release|x64
		{BDC86090-77FB-48E4-888F-D5BCB6FB3DE2}.Release|x86.ActiveCfg = Release|Win32
		{BDC86090-77FB-48E4-888F-D5BCB6FB3DE2}.Release|x86.Build.0 = Release|Win32
		{6352CF6F-8232-48EA-A235-D556206C95BE}.Debug|x64.ActiveCfg = Debug|x64
		{6352CF6F-8232-48EA-A235-D556206C95BE}.Debug|x64.Build.0 = Debug|x64
		{6352CF6F-8232-48EA-A235-D556206C95BE}.Debug|x86.ActiveCfg = Debug|Win32
		{6352CF6F-8232-48EA-A235-D556206C95BE}.Debug|x86.Build.0 = Debug|Win32
		{6352CF6F-8232-48EA-A235-D556206C95BE}.Release|x64.ActiveCfg = Release|x64
		{6352CF6F-8232-48EA-A235-D556206C95BE}.Release|x64.Build.0 = Release|x64
		{6352CF6F-8232-48EA-A235-D556206C95BE}.Release|x86.ActiveCfg = Release|Win32
		{6352CF6F-8232-48EA-A235-D556206C95BE}.Release|x86.Build.0 = Release|Win32
		{E2925B56-A70A-48A4-807D-E73850C858E5}.Debug|x64.ActiveCfg = Debug|x64
		{E2925B56-A70A-48A4-807D-E73850C858E5}.Debug|x64.Build.0 = Debug|x64
		{E2925B56-A70A-48A4-807D-E73850C858E5}.Debug|x86.ActiveCfg = Debug|Win32
		{E2925B56-A70A-48A4-807D-E73850C858E5}.Debug|x86.Build.0 = Debug|Win32
		{E2925B56-A70A-48A4-807D-E73850C858E5}.Release|x64.ActiveCfg = Release|x64
		{E2925B56-A70A-48A4-807D-E73850C858E5}.Release|x64.Build.0 = Release|x64
		{E2925B56-A70A-48A4-807D-E73850C858E5}.Release|x86.ActiveCfg = Release|Win32
		{E2925B56-A70A-48A4-807D-E73850C858E5}.Release|x86.Build.0 = Release|Win32
		{52AC5B63-0EEA-4B56-8778-0FFA36E8B718}.Debug|x64.ActiveCfg = Debug|x64
		{52AC5B63-0EEA-4B56-8778-0FFA36E8B718}.Debug|x64.Build.0 = Debug|x64
		{52AC5B63-0EEA-4B56-8778-0FFA36E8B718}.Debug|x86.ActiveCfg = Debug|Win32
		{52AC5B63-0EEA-4B56-8778-0FFA36E8B718}.Debug|x86.Build.0 = Debug|Win32
		{52AC5B63-0EEA-4B56-8778-0FFA36E8B718}.Release|x64.ActiveCfg = Release|x64
		{52AC5B63-0EEA-4B56-8778-0FFA36E8B718}.Release|x64.Build.0 = Release|x64
		{52AC5B63-0EEA-4B56-8778-0FFA36E8B718}.Release|x86.ActiveCfg = Release|Win32
		{52AC5B63-0EEA-4B56-8778-0FFA36E8B718}.Release|x86.Build.0 = Release|Win32
		{75C85290-2FB3-49CF-BBFC-6AF31EAB678D}.Debug|x64.ActiveCfg = Debug|x64
		{75C85290-2FB3-49CF-BBFC-6AF31EAB678D}.Debug|x64.Build.0 = Debug|x64
		{75C85290-2FB3-49CF-BBFC-6AF31EAB678D}.Debug|x86.ActiveCfg = Debug|Win32
		{75C85290-2FB3-49CF-BBFC-6AF31EAB678D}.Debug|x86.Build.0 = Debug|Win32
		{75C85290-2FB3-49CF-BBFC-6AF31EAB678D}.Release|x64.ActiveCfg = Release|x64
		{75C85290-2FB3-49CF-BBFC-6AF31EAB678D}.Release|x64.Build.0 = Release|x64
		{75C85290-2FB3-49CF-BBFC-6AF31EAB678D}.Release|x86.ActiveCfg = Release|Win32
		{75C85290-2FB3-49CF-BBFC-6AF31EAB678D}.Release|x86.Build.0 = Release|Win32
		{9B27C735-09D5-4656-9E2F-F140D4F1C1D8}.Debug|x64.ActiveCfg = Debug|x64
		{9B27C735-09D5-4656-9E2F-F140D4F1C1D8}.Debug|x64.Build.0 = Debug|x64
		{9B27C735-09D5-4656-9E2F-F140D4F1C1D8}.Debug|x86.ActiveCfg = Debug|Win32
		{9B27C735-09D5-4656-9E2F-F140D4F1C1D8}.Debug|x86.Build.0 = Debug|Win32
		{9B27C735-09D5-4656-9E2F-F140D4F1C1D8}.Release|x64.ActiveCfg = Release|x64
		{9B27C735-09D5-4656-9E2F-F140D4F1C1D8}.Release|x64.Build.0 = Release|x64
		{9B27C735-09D5-4656-9E2F-F140D4F1C1D8}.Release|x86.ActiveCfg = Release|Win32
		{9B27C735-09D5-4656-9E2F-F140D4F1C1D8}.Release|x86.Build.0 = Release|Win32
		{1E8EC38D-5F8C-41D4-9599-90E99F3971F2}.Debug|x64.ActiveCfg = Debug|x64
		{1E8EC38D-5F8C-41D4-9599-90E99F3971F2}.Debug|x64.Build.0 = Debug|x64
		{1E8EC38D-5F8C-41D4-9599-90E99F3971F2}.Debug|x86.ActiveCfg = Debug|Win32
		{1E8EC38D-5F8C-41D4-9599-90E99F3971F2}.Debug|x86.Build.0 = Debug|Win32
		{1E8EC38D-5F8C-41D4-9599-90E99F3971F2}.Release|x64.ActiveCfg = Release|x64
		{1E8EC38D-5F8C-41D4-9599-90E99F3971F2}.Release|x64.Build.0 = Release|x64
		{1E8EC38D-5F8C-41D4-9599-90E99F3971F2}.Release|x86.ActiveCfg = Release|Win32
		{1E8EC38D-5F8C-41D4-9599-90E99F3971F2}.Release|x86.Build.0 = Release|Win32
		{77E9D7DB-7FB5-4D7E-8C24-AAF9EED3DC6D}.Debug|x64.ActiveCfg = Debug|x64
		{77E9D7DB-7FB5-4D7E-8C24-AAF9EED3DC6D}.Debug|x64.Build.0 = Debug|x64
		{77E9D7DB-7FB5-4D7E-8C24-AAF9EED3DC6D}.Debug|x86.ActiveCfg = Debug|Win32
		{77E9D7DB-7FB5-4D7E-8C24-AAF9EED3DC6D}.Debug|x86.Build.0 = Debug|Win32
		{77E9D7DB-7FB5-4D7E-8C24-AAF9EED3DC6D}.Release|x64.ActiveCfg = Release|x64
		{77E9D7DB-7FB5-4D7E-8C24-AAF9EED3DC6D}.Release|x64.Build.0 = Release|x64
		{77E9D7DB-7FB5-4D7E-8C24-AAF9EED3DC6D}.Release|x86.ActiveCfg = Release|Win32
		{77E9D7DB-7FB5-4D7E-8C24-AAF9EED3DC6D}.Release|x86.Build.0 = Release|Win32
		{056BBE59-E49B-4056-9F3D-15EF1704981A}.Debug|x64.ActiveCfg = Debug|x64
		{056BBE59-E49B-4056-9F3D-15EF1704981A}.Debug|x64.Build.0 = Debug|x64
		{056BBE59-E49B-4056-9F3D-15EF1704981A}.Debug|x86.ActiveCfg = Debug|Win32
		{056BBE59-E49B-4056-9F3D-15EF1704981A}.Debug|x86.Build.0 = Debug|Win32
		{056BBE59-E49B-4056-9F3D-15EF1704981A}.Release|x64.ActiveCfg = Release|x64
		{056BBE59-E49B-4056-9F3D-15EF1704981A}.Release|x64.Build.0 = Release|x64
		{056BBE59-E49B-4056-9F3D-15EF1704981A}.Release|x86.ActiveCfg = Release|Win32
		{056BBE59-E49B-4056-9F3D-15EF1704981A}.Release|x86.Build.0 = Release|Win32
		{34BC3C9A-A89D-4A24-91AB-38E9BAF2CF44}.Debug|x64.ActiveCfg = Debug|x64
		{34BC3C9A-A89D-4A24-91AB-38E9BAF2CF44}.Debug|x64.Build.0 = Debug|x64
		{34BC3C9A-A89D-4A24-91AB-38E9BAF2CF44}.Debug|x86.ActiveCfg = Debug|Win32
		{34BC3C9A-A89D-4A24-91AB-38E9BAF2CF44}.Debug|x86.Build.0 = Debug|Win32
		{34BC3C9A-A89D-4A24-91AB-38E9BAF2CF44}.Release|x64.ActiveCfg = Release|x64
		{34BC3C9A-A89D-4A24-91AB-38E9BAF2CF44}.Release|x64.Build.0 = Release|x64
		{34BC3C9A-A89D-4A24-91AB-38E9BAF2CF44}.Release|x86.ActiveCfg = Release|Win32
		{34BC3C9A-A89D-4A24-91AB-38E9BAF2CF44}.Release|x86.Build.0 = Release|Win32
		{980E4655-474B-495C-8C96-16E78D316F75}.Debug|x64.ActiveCfg = Debug|x64
		{980E4655-474B-495C-8C96-16E78D316F75}.Debug|x64.Build.0 = Debug|x64
		{980E4655-474B-495C-8C96-16E78D316F75}.Debug|x86.ActiveCfg = Debug|Win32
		{980E4655-474B-495C-8C96-16E78D316F75}.Debug|x86.Build.0 = Debug|Win32
		{980E4655-474B-495C-8C96-16E78D316F75}.Release|x64.ActiveCfg = Release|x64
		{980E4655-474B-495C-8C96-16E78D316F75}.Release|x64.Build.0 = Release|x64
		{980E4655-474B-495C-8C96-16E78D316F75}.Release|x86.ActiveCfg = Release|Win32
		{980E4655-474B-495C-8C96-16E78D316F75}.Release|x86.Build.0 = Release|Win32
		{6E97EF31-BD12-4290-ABE6-EAE1CE42A4E2}.Debug|x64.ActiveCfg = Debug|x64
		{6E97EF31-BD12-4290-ABE6-EAE1CE42A4E2}.Debug|x64.Build.0 = Debug|x64
		{6E97EF31-BD12-4290-ABE6-EAE1CE42A4E2}.Debug|x86.ActiveCfg = Debug|Win32
		{6E97EF31-BD12-4290-ABE6-EAE1CE42A4E2}.Debug|x86.Build.0 = Debug|Win32
		{6E97EF31-BD12-4290-ABE6-EAE1CE42A4E2}.Release|x64.ActiveCfg = Release|x64
		{6E97EF31-BD12-4290-ABE6-EAE1CE42A4E2}.Release|x64.Build.0 = Release|x64
		{6E97EF31-BD12-4290-ABE6-EAE1CE42A4E2}.Release|x86.ActiveCfg = Release|Win32
		{6E97EF31-BD12-4290-ABE6-EAE1CE42A4E2}.Release|x86.Build.0 = Release|Win32
		{CC57EE69-BD7E-4CBF-8D3C-806E5325584B}.Debug|x64.ActiveCfg = Debug|x64
		{CC57EE69-BD7E-4CBF-8D3C-806E5325584B}.Debug|x64.Build.0 = Debug|x64
		{CC57EE69-BD7E-4CBF-8D3C-806E5325584B}.Debug|x86.ActiveCfg = Debug|Win32
		{CC57EE69-BD7E-4CBF-8D3C-806E5325584B}.Debug|x86.Build.0 = Debug|Win32
		{CC57EE69-BD7E-4CBF-8D3C-806E5325584B}.Release|x64.ActiveCfg = Release|x64
		{CC57EE69-BD7E-4CBF-8D3C-806E5325584B}.Release|x64.Build.0 = Release|x64
		{CC57EE69-BD7E-4CBF-8D3C-806E5325584B}.Release|x86.ActiveCfg = Release|Win32
		{CC57EE69-BD7E-4CBF-8D3C-806E5325584B}.Release|x86.Build.0 = Release|Win32
		{20FB9AE4-B041-421C-875B-FD9A4357926D}.Debug|x64.ActiveCfg = Debug|x64
		{20FB9AE4-B041-421C-875B-FD9A4357926D}.Debug|x64.Build.0 = Debug|x64
		{20FB9AE4-B041-421C-875B-FD9A4357926D}.Debug|x86.ActiveCfg = Debug|Win32
		{20FB9AE4-B041-421C-875B-FD9A4357926D}.Debug|x86.Build.0 = Debug|Win32
		{20FB9AE4-B041-421C-875B-FD9A4357926D}.Release|x64.ActiveCfg = Release|x64
		{20FB9AE4-B041-421C-875B-FD9A4357926D}.Release|x64.Build.0 = Release|x64
		{20FB9AE4-B041-421C-875B-FD9A4357926D}.Release|x86.ActiveCfg = Release|Win32
		{20FB9AE4-B041-421C-875B-FD9A4357926D}.Release|x86.Build.0 = Release|Win32
		{B0E5ACFA-33D7-46AF-BB8F-978196FCED72}.Debug|x64.ActiveCfg = Debug|x64
		{B0E5ACFA-33D7-46AF-BB8F-978196FCED72}.Debug|x64.Build.0 = Debug|x64
		{B0E5ACFA-33D7-46AF-BB8F-978196FCED72}.Debug|x86.ActiveCfg = Debug|Win32
		{B0E5ACFA-33D7-46AF-BB8F-978196FCED72}.Debug|x86.Build.0 = Debug|Win32
		{B0E5ACFA-33D7-46AF-BB8F-978196FCED72}.Release|x64.ActiveCfg = Release|x64
		{B0E5ACFA-33D7-46AF-BB8F-978196FCED72}.Release|x64.Build.0 = Release|x64
		{B0E5ACFA-33D7-46AF-BB8F-978196FCED72}.Release|x86.ActiveCfg = Release|Win32
		{B0E5ACFA-33D7-46AF-BB8F-978196FCED72}.Release|x86.Build.0 = Release|Win32
		{FF8A1430-E5B9-4B67-8C68-1347F3EA21AA}.Debug|x64.ActiveCfg = Debug|x64
		{FF8A1430-E5B9-4B67-8C68-1347F3EA21AA}.Debug|x64.Build.0 = Debug|x64
		{FF8A1430-E5B9-4B67-8C68-1347F3EA21AA}.Debug|x86.ActiveCfg = Debug|Win32
		{FF8A1430-E5B9-4B67-8C68-1347F3EA21AA}.Debug|x86.Build.0 = Debug|Win32
		{FF8A1430-E5B9-4B67-8C68-1347F3EA21AA}.Release|x64.ActiveCfg = Release|x64
		{FF8A1430-E5B9-4B67-8C68-1347F3EA21AA}.Release|x64.Build.0 = Release|x64
		{FF8A1430-E5B9-4B67-8C68-1347F3EA21AA}.Release|x86.ActiveCfg = Release|Win32
		{FF8A1430-E5B9-4B67-8C68-1347F3EA21AA}.Release|x86.Build.0 = Release|Win32
		{2F328A3A-6DDF-4AB8-942F-97C9617C29E1}.Debug|x64.ActiveCfg = Debug|x64
		{2F328A3A-6DDF-4AB8-942F-97C9617C29E1}.Debug|x64.Build.0 = Debug|x64
		{2F328A3A-6DDF-4AB8-942F-97C9617C29E1}.Debug|x86.ActiveCfg = Debug|Win32
		{2F328A3A-6DDF-4AB8-942F-97C9617C29E1}.Debug|x86.Build.0 = Debug|Win32
		{2F328A3A-6DDF-4AB8-942F-97C9617C29E1}.Release|x64.ActiveCfg = Release|x64
		{2F328A3A-6DDF-4AB8-942F-97C9617C29E1}.Release|x64.Build.0 = Release|x64
		{2F328A3A-6DDF-4AB8-942F-97C9617C29E1}.Release|x86.ActiveCfg = Release|Win32
		{2F328A3A-6DDF-4AB8-942F-97C9617C29E1}.Release|x86.Build.0 = Release|Win32
		{637FCD06-F8EB-40B2-813B-3EDF1DA65CC8}.Debug|x64.ActiveCfg = Debug|x64
		{637FCD06-F8EB-40B2-813B-3EDF1DA65CC8}.Debug|x64.Build.0 = Debug|x64
		{637FCD06-F8EB-40B2-813B-3EDF1DA65CC8}.Debug|x86.ActiveCfg = Debug|Win32
		{637FCD06-F8EB-40B2-813B-3EDF1DA65CC8}.Debug|x86.Build.0 = Debug|Win32
		{637FCD06-F8EB-40B2-813B-3EDF1DA65CC8}.Release|x64.ActiveCfg = Release|x64
		{637FCD06-F8EB-40B2-813B-3EDF1DA65CC8}.Release|x64.Build.0 = Release|x64
		{637FCD06-F8EB-40B2-813B-3EDF1DA65CC8}.Release|x86.ActiveCfg = Release|Win32
		{637FCD06-F8EB-40B2-813B-3EDF1DA65CC8}.Release|x86.Build.0 = Release|Win32
		{92ABA0AC-EA3D-414F-8AD1-E556F6A0E792}.Debug|x64.ActiveCfg = Debug|x64
		{92ABA0AC-EA3D-414F-8AD1-E556F6A0E792}.Debug|x64.Build.0 = Debug|x64
		{92ABA0AC-EA3D-414F-8AD1-E556F6A0E792}.Debug|x86.ActiveCfg = Debug|Win32
		{92ABA0AC-EA3D-414F-8AD1-E556F6A0E792}.Debug|x86.Build.0 = Debug|Win32
		{92ABA0AC-EA3D-414F-8AD1-E556F6A0E792}.Release|x64.ActiveCfg = Release|x64
		{92ABA0AC-EA3D-414F-8AD1-E556F6A0E792}.Release|x64.Build.0 = Release|x64
		{92ABA0AC-EA3D-414F-8AD1-E556F6A0E792}.Release|x86.ActiveCfg = Release|Win32
		{92ABA0AC-EA3D-414F-8AD1-E556F6A0E792}.Release|x86.Build.0 = Release|Win32
		{84C797C5-D3EC-476F-920A-CE3685E7381A}.Debug|x64.ActiveCfg = Debug|x64
		{84C797C5-D3EC-476F-920A-CE3685E7381A}.Debug|x64.Build.0 = Debug|x64
		{84C797C5-D3EC-476F-920A-CE3685E7381A}.Debug|x86.ActiveCfg = Debug|Win32
		{84C797C5-D3EC-476F-920A-CE3685E7381A}.Debug|x86.Build.0 = Debug|Win32
		{84C797C5-D3EC-476F-920A-CE3685E7381A}.Release|x64.ActiveCfg = Release|x64
		{84C797C5-D3EC-476F-920A-CE3685E7381A}.Release|x64.Build.0 = Release|x64
		{84C797C5-D3EC-476F-920A-CE3685E7381A}.Release|x86.ActiveCfg = Release|Win32
		{84C797C5-D3EC-476F-920A-CE3685E7381A}.Release|x86.Build.0 = Release|Win32
		{69750302-9C61-4FDA-AB35-F209AAA4AC5F}.Debug|x64.ActiveCfg = Debug|x64
		{69750302-9C61-4FDA-AB35-F209AAA4AC5F}.Debug|x64.Build.0 = Debug|x64
		{69750302-9C61-4FDA-AB35-F209AAA4AC5F}.Debug|x86.ActiveCfg = Debug|Win32
		{69750302-9C61-4FDA-AB35-F209AAA4AC5F}.Debug|x86.Build.0 = Debug|Win32
		{69750302-9C61-4FDA-AB35-F209AAA4AC5F}.Release|x64.ActiveCfg = Release|x64
		{69750302-9C61-4FDA-AB35-F209AAA4AC5F}.Release|x64.Build.0 = Release|x64
		{69750302-9C61-4FDA-AB35-F209AAA4AC5F}.Release|x86.ActiveCfg = Release|Win32
		{69750302-9C61-4FDA-AB35-F209AAA4AC5F}.Release|x86.Build.0 = Release|Win32
		{4E7DC7F5-E58E-46D1-AAA6-99A72B29C3C0}.Debug|x64.ActiveCfg = Debug|x64
		{4E7DC7F5-E58E-46D1-AAA6-99A72B29C3C0}.Debug|x64.Build.0 = Debug|x64
		{4E7DC7F5-E58E-46D1-AAA6-99A72B29C3C0}.Debug|x86.ActiveCfg = Debug|Win32
		{4E7DC7F5-E58E-46D1-AAA6-99A72B29C3C0}.Debug|x86.Build.0 = Debug|Win32
		{4E7DC7F5-E58E-46D1-AAA6-99A72B29C3C0}.Release|x64.ActiveCfg = Release|x64
		{4E7DC7F5-E58E-46D1-AAA6-99A72B29C3C0}.Release|x64.Build.0 = Release|x64
		{4E7DC7F5-E58E-46D1-AAA6-99A72B29C3C0}.Release|x86.ActiveCfg = Release|Win32
		{4E7DC7F5-E58E-46D1-AAA6-99A72B29C3C0}.Release|x86.Build.0 = Release|Win32
	EndGlobalSection
	GlobalSection(SolutionProperties) = preSolution
		HideSolutionNode = FALSE
	EndGlobalSection
EndGlobal
